
Microsoft Visual Studio Solution File, Format Version 12.00
# Visual Studio Version 17
VisualStudioVersion = 17.5.33530.505
MinimumVisualStudioVersion = 10.0.40219.1
Project("{2150E333-8FDC-42A3-9474-1A3956D46DE8}") = "01 Kintamieji", "01 Kintamieji", "{9FD168F2-7E29-4DF2-A4B3-6E09D818A42C}"
EndProject
Project("{FAE04EC0-301F-11D3-BF4B-00C04F79EFBC}") = "DemoKintamieji", "DemoKintamieji\DemoKintamieji.csproj", "{0418158F-8BF8-426C-93B7-E5B4B09D6666}"
EndProject
Project("{2150E333-8FDC-42A3-9474-1A3956D46DE8}") = "02 Isvedimas", "02 Isvedimas", "{18869C67-78C3-4D78-B15A-B31779A58FDF}"
EndProject
Project("{FAE04EC0-301F-11D3-BF4B-00C04F79EFBC}") = "DemoIsvedimas", "DemoIsvedimas\DemoIsvedimas.csproj", "{7B2289B3-0354-4560-9D08-EC9EE0A80B60}"
EndProject
Project("{FAE04EC0-301F-11D3-BF4B-00C04F79EFBC}") = "Uzduotis01", "Uzduotis01\Uzduotis01.csproj", "{6996AC81-6ECF-453B-A99E-02BD45C27465}"
EndProject
Project("{2150E333-8FDC-42A3-9474-1A3956D46DE8}") = "03 Aritmetiniai veiksmai", "03 Aritmetiniai veiksmai", "{F59BDB76-3ECF-47D0-99BA-BAF1319CD86D}"
EndProject
Project("{FAE04EC0-301F-11D3-BF4B-00C04F79EFBC}") = "DemoAritmetiniaiVeiksmai", "DemoAritmetiniaiVeiksmai\DemoAritmetiniaiVeiksmai.csproj", "{5F323668-B26E-427A-824E-D3F854D56E6C}"
EndProject
Project("{FAE04EC0-301F-11D3-BF4B-00C04F79EFBC}") = "Uzduotis02", "Uzduotis02\Uzduotis02.csproj", "{80F13E4E-FCD0-4993-A3B6-4F33AA059D2A}"
EndProject
Project("{FAE04EC0-301F-11D3-BF4B-00C04F79EFBC}") = "Uzduotis03", "Uzduotis03\Uzduotis03.csproj", "{A2CE8CF1-0B91-4227-A59B-B6DA5D2EBBE1}"
EndProject
Project("{FAE04EC0-301F-11D3-BF4B-00C04F79EFBC}") = "Uzduotis04", "Uzduotis04\Uzduotis04.csproj", "{9C7FEB5D-3D56-4083-9CDA-4EDE530537D5}"
EndProject
Project("{FAE04EC0-301F-11D3-BF4B-00C04F79EFBC}") = "Uzduotis05", "Uzduotis05\Uzduotis05.csproj", "{E83FA00D-067A-409E-AAEE-89338F6E0DF0}"
EndProject
Project("{FAE04EC0-301F-11D3-BF4B-00C04F79EFBC}") = "Uzduotis06", "Uzduotis06\Uzduotis06.csproj", "{72A6F307-933D-40BF-92CB-CD09257D3CC0}"
EndProject
Project("{2150E333-8FDC-42A3-9474-1A3956D46DE8}") = "04 Ivedimas", "04 Ivedimas", "{5737BB97-5228-4F69-BE3B-DE8C458182AA}"
EndProject
Project("{FAE04EC0-301F-11D3-BF4B-00C04F79EFBC}") = "DemoIvedimas", "DemoIvedimas\DemoIvedimas.csproj", "{3C1D5856-48EF-4E57-8626-D97C67A1C0D6}"
EndProject
Project("{2150E333-8FDC-42A3-9474-1A3956D46DE8}") = "05 If Salyga", "05 If Salyga", "{C68ED3AC-636C-4B36-9EB6-5C46AAFF835A}"
EndProject
Project("{FAE04EC0-301F-11D3-BF4B-00C04F79EFBC}") = "DemoIfSalyga", "DemoIfSalyga\DemoIfSalyga.csproj", "{BCF31128-75B2-4D83-B4FE-0D0B1754169D}"
EndProject
Project("{2150E333-8FDC-42A3-9474-1A3956D46DE8}") = "06 Switch Salyga", "06 Switch Salyga", "{787915A3-C130-42A7-B821-036514EA4C92}"
EndProject
Project("{FAE04EC0-301F-11D3-BF4B-00C04F79EFBC}") = "DemoSwitch", "DemoSwitch\DemoSwitch.csproj", "{4F25F310-3BF4-4672-A51D-282886070936}"
EndProject
Project("{2150E333-8FDC-42A3-9474-1A3956D46DE8}") = "07 For Ciklas", "07 For Ciklas", "{1A046B98-BF1B-47FB-88E7-1567DD1A2EA3}"
EndProject
Project("{FAE04EC0-301F-11D3-BF4B-00C04F79EFBC}") = "DemoForCiklas", "DemoForCiklas\DemoForCiklas.csproj", "{819714AA-0DD1-49C8-BA02-F1DD87140F6E}"
EndProject
Project("{2150E333-8FDC-42A3-9474-1A3956D46DE8}") = "08 While Ciklas", "08 While Ciklas", "{6A10BF1F-3A90-49EA-9032-61300445EFB2}"
EndProject
Project("{FAE04EC0-301F-11D3-BF4B-00C04F79EFBC}") = "DemoWhileCiklas", "DemoWhileCiklas\DemoWhileCiklas.csproj", "{2884290B-A983-4070-A661-10A215E6D9E6}"
EndProject
Project("{2150E333-8FDC-42A3-9474-1A3956D46DE8}") = "09 Masyvai", "09 Masyvai", "{356F8533-BF02-4795-B9DC-601BE16D5858}"
EndProject
Project("{FAE04EC0-301F-11D3-BF4B-00C04F79EFBC}") = "DemoMasyvai", "DemoMasyvai\DemoMasyvai.csproj", "{401C67D0-0B0F-4405-A21C-6326EB1343CE}"
EndProject
Project("{FAE04EC0-301F-11D3-BF4B-00C04F79EFBC}") = "Uzduotis07", "Uzduotis07\Uzduotis07.csproj", "{F1BC3355-5A87-4DD5-8E3F-4F70A40B76D0}"
EndProject
Project("{FAE04EC0-301F-11D3-BF4B-00C04F79EFBC}") = "Uzduotis08", "Uzduotis08\Uzduotis08.csproj", "{14588E60-DA35-4335-BEEB-2915DB0DA52B}"
EndProject
Project("{FAE04EC0-301F-11D3-BF4B-00C04F79EFBC}") = "Uzduotis09", "Uzduotis09\Uzduotis09.csproj", "{214FF223-14EC-4C76-B8D1-913591B9CE0B}"
EndProject
Project("{FAE04EC0-301F-11D3-BF4B-00C04F79EFBC}") = "Uzduotis10", "Uzduotis10\Uzduotis10.csproj", "{247BE292-0473-4C74-9B6A-B9C4D320FD29}"
EndProject
Project("{FAE04EC0-301F-11D3-BF4B-00C04F79EFBC}") = "Uzduotis11", "Uzduotis11\Uzduotis11.csproj", "{0BC59ED9-6752-4602-AD9F-7C52C4BB2D34}"
EndProject
Project("{FAE04EC0-301F-11D3-BF4B-00C04F79EFBC}") = "Uzduotis12", "Uzduotis12\Uzduotis12.csproj", "{BDDC8793-068B-49A9-B7CB-97DC70E14131}"
EndProject
Project("{FAE04EC0-301F-11D3-BF4B-00C04F79EFBC}") = "Uzduotis13", "Uzduotis13\Uzduotis13.csproj", "{5FB4FF9B-5D9A-45B8-B2E9-61935EC1BC49}"
EndProject
Project("{FAE04EC0-301F-11D3-BF4B-00C04F79EFBC}") = "Uzduotis14", "Uzduotis14\Uzduotis14.csproj", "{D0237097-2354-45C4-BA3C-CB0063189BDD}"
EndProject
Project("{FAE04EC0-301F-11D3-BF4B-00C04F79EFBC}") = "Uzduotis15", "Uzduotis15\Uzduotis15.csproj", "{B00BDBB8-850A-463F-9C87-512FDC10903B}"
EndProject
Project("{FAE04EC0-301F-11D3-BF4B-00C04F79EFBC}") = "Uzduotis16", "Uzduotis16\Uzduotis16.csproj", "{BB53F80F-0F26-459C-A794-3E83AB5B25BC}"
EndProject
Project("{FAE04EC0-301F-11D3-BF4B-00C04F79EFBC}") = "Uzduotis17", "Uzduotis17\Uzduotis17.csproj", "{84C3571C-A468-488F-841C-2734DB0AC3E0}"
EndProject
Project("{2150E333-8FDC-42A3-9474-1A3956D46DE8}") = "Kitos Uzduotys", "Kitos Uzduotys", "{0BB5C9C2-8FAB-4D7C-B4DA-24624D490C06}"
EndProject
Project("{FAE04EC0-301F-11D3-BF4B-00C04F79EFBC}") = "Uzduotis18", "Uzduotis18\Uzduotis18.csproj", "{D86D77E5-4C8E-40F6-8901-AF32B1804295}"
EndProject
Project("{FAE04EC0-301F-11D3-BF4B-00C04F79EFBC}") = "Uzduotis19", "Uzduotis19\Uzduotis19.csproj", "{5B71E335-D544-4380-9D17-42635A22ABC9}"
EndProject
Project("{FAE04EC0-301F-11D3-BF4B-00C04F79EFBC}") = "Uzduotis20", "Uzduotis20\Uzduotis20.csproj", "{E5B48983-696D-40B1-A08C-6DA383F20CB2}"
EndProject
Project("{FAE04EC0-301F-11D3-BF4B-00C04F79EFBC}") = "Uzduotis21", "Uzduotis21\Uzduotis21.csproj", "{F7EE8DAF-72A9-45FE-94CE-8223186996AA}"
EndProject
Project("{2150E333-8FDC-42A3-9474-1A3956D46DE8}") = "10 Sarasai", "10 Sarasai", "{89309BC6-56AA-4D46-A6E8-C5F0CB1CBC9A}"
EndProject
Project("{FAE04EC0-301F-11D3-BF4B-00C04F79EFBC}") = "DemoSarasai", "DemoSarasai\DemoSarasai.csproj", "{7F577C74-65E0-435C-9A20-4CB119717094}"
EndProject
Project("{2150E333-8FDC-42A3-9474-1A3956D46DE8}") = "11 Metodai", "11 Metodai", "{5F9D00C9-FBD3-4217-A43C-5D3D4CA85425}"
EndProject
Project("{FAE04EC0-301F-11D3-BF4B-00C04F79EFBC}") = "DemoMetodai", "DemoMetodai\DemoMetodai.csproj", "{7FAAF737-4EC1-4CCD-B1A6-354FB54908BC}"
EndProject
Project("{2150E333-8FDC-42A3-9474-1A3956D46DE8}") = "12 Klases", "12 Klases", "{2A3AE74E-9AB7-4C59-A184-C8CA21D62AFF}"
EndProject
Project("{FAE04EC0-301F-11D3-BF4B-00C04F79EFBC}") = "DemoKlases", "DemoKlases\DemoKlases.csproj", "{806FACF3-8D41-4AFA-9AA1-DFC2B3C17A73}"
EndProject
Global
	GlobalSection(SolutionConfigurationPlatforms) = preSolution
		Debug|Any CPU = Debug|Any CPU
		Release|Any CPU = Release|Any CPU
	EndGlobalSection
	GlobalSection(ProjectConfigurationPlatforms) = postSolution
		{0418158F-8BF8-426C-93B7-E5B4B09D6666}.Debug|Any CPU.ActiveCfg = Debug|Any CPU
		{0418158F-8BF8-426C-93B7-E5B4B09D6666}.Debug|Any CPU.Build.0 = Debug|Any CPU
		{0418158F-8BF8-426C-93B7-E5B4B09D6666}.Release|Any CPU.ActiveCfg = Release|Any CPU
		{0418158F-8BF8-426C-93B7-E5B4B09D6666}.Release|Any CPU.Build.0 = Release|Any CPU
		{7B2289B3-0354-4560-9D08-EC9EE0A80B60}.Debug|Any CPU.ActiveCfg = Debug|Any CPU
		{7B2289B3-0354-4560-9D08-EC9EE0A80B60}.Debug|Any CPU.Build.0 = Debug|Any CPU
		{7B2289B3-0354-4560-9D08-EC9EE0A80B60}.Release|Any CPU.ActiveCfg = Release|Any CPU
		{7B2289B3-0354-4560-9D08-EC9EE0A80B60}.Release|Any CPU.Build.0 = Release|Any CPU
		{6996AC81-6ECF-453B-A99E-02BD45C27465}.Debug|Any CPU.ActiveCfg = Debug|Any CPU
		{6996AC81-6ECF-453B-A99E-02BD45C27465}.Debug|Any CPU.Build.0 = Debug|Any CPU
		{6996AC81-6ECF-453B-A99E-02BD45C27465}.Release|Any CPU.ActiveCfg = Release|Any CPU
		{6996AC81-6ECF-453B-A99E-02BD45C27465}.Release|Any CPU.Build.0 = Release|Any CPU
		{5F323668-B26E-427A-824E-D3F854D56E6C}.Debug|Any CPU.ActiveCfg = Debug|Any CPU
		{5F323668-B26E-427A-824E-D3F854D56E6C}.Debug|Any CPU.Build.0 = Debug|Any CPU
		{5F323668-B26E-427A-824E-D3F854D56E6C}.Release|Any CPU.ActiveCfg = Release|Any CPU
		{5F323668-B26E-427A-824E-D3F854D56E6C}.Release|Any CPU.Build.0 = Release|Any CPU
		{80F13E4E-FCD0-4993-A3B6-4F33AA059D2A}.Debug|Any CPU.ActiveCfg = Debug|Any CPU
		{80F13E4E-FCD0-4993-A3B6-4F33AA059D2A}.Debug|Any CPU.Build.0 = Debug|Any CPU
		{80F13E4E-FCD0-4993-A3B6-4F33AA059D2A}.Release|Any CPU.ActiveCfg = Release|Any CPU
		{80F13E4E-FCD0-4993-A3B6-4F33AA059D2A}.Release|Any CPU.Build.0 = Release|Any CPU
		{A2CE8CF1-0B91-4227-A59B-B6DA5D2EBBE1}.Debug|Any CPU.ActiveCfg = Debug|Any CPU
		{A2CE8CF1-0B91-4227-A59B-B6DA5D2EBBE1}.Debug|Any CPU.Build.0 = Debug|Any CPU
		{A2CE8CF1-0B91-4227-A59B-B6DA5D2EBBE1}.Release|Any CPU.ActiveCfg = Release|Any CPU
		{A2CE8CF1-0B91-4227-A59B-B6DA5D2EBBE1}.Release|Any CPU.Build.0 = Release|Any CPU
		{9C7FEB5D-3D56-4083-9CDA-4EDE530537D5}.Debug|Any CPU.ActiveCfg = Debug|Any CPU
		{9C7FEB5D-3D56-4083-9CDA-4EDE530537D5}.Debug|Any CPU.Build.0 = Debug|Any CPU
		{9C7FEB5D-3D56-4083-9CDA-4EDE530537D5}.Release|Any CPU.ActiveCfg = Release|Any CPU
		{9C7FEB5D-3D56-4083-9CDA-4EDE530537D5}.Release|Any CPU.Build.0 = Release|Any CPU
		{E83FA00D-067A-409E-AAEE-89338F6E0DF0}.Debug|Any CPU.ActiveCfg = Debug|Any CPU
		{E83FA00D-067A-409E-AAEE-89338F6E0DF0}.Debug|Any CPU.Build.0 = Debug|Any CPU
		{E83FA00D-067A-409E-AAEE-89338F6E0DF0}.Release|Any CPU.ActiveCfg = Release|Any CPU
		{E83FA00D-067A-409E-AAEE-89338F6E0DF0}.Release|Any CPU.Build.0 = Release|Any CPU
		{72A6F307-933D-40BF-92CB-CD09257D3CC0}.Debug|Any CPU.ActiveCfg = Debug|Any CPU
		{72A6F307-933D-40BF-92CB-CD09257D3CC0}.Debug|Any CPU.Build.0 = Debug|Any CPU
		{72A6F307-933D-40BF-92CB-CD09257D3CC0}.Release|Any CPU.ActiveCfg = Release|Any CPU
		{72A6F307-933D-40BF-92CB-CD09257D3CC0}.Release|Any CPU.Build.0 = Release|Any CPU
		{3C1D5856-48EF-4E57-8626-D97C67A1C0D6}.Debug|Any CPU.ActiveCfg = Debug|Any CPU
		{3C1D5856-48EF-4E57-8626-D97C67A1C0D6}.Debug|Any CPU.Build.0 = Debug|Any CPU
		{3C1D5856-48EF-4E57-8626-D97C67A1C0D6}.Release|Any CPU.ActiveCfg = Release|Any CPU
		{3C1D5856-48EF-4E57-8626-D97C67A1C0D6}.Release|Any CPU.Build.0 = Release|Any CPU
		{BCF31128-75B2-4D83-B4FE-0D0B1754169D}.Debug|Any CPU.ActiveCfg = Debug|Any CPU
		{BCF31128-75B2-4D83-B4FE-0D0B1754169D}.Debug|Any CPU.Build.0 = Debug|Any CPU
		{BCF31128-75B2-4D83-B4FE-0D0B1754169D}.Release|Any CPU.ActiveCfg = Release|Any CPU
		{BCF31128-75B2-4D83-B4FE-0D0B1754169D}.Release|Any CPU.Build.0 = Release|Any CPU
		{4F25F310-3BF4-4672-A51D-282886070936}.Debug|Any CPU.ActiveCfg = Debug|Any CPU
		{4F25F310-3BF4-4672-A51D-282886070936}.Debug|Any CPU.Build.0 = Debug|Any CPU
		{4F25F310-3BF4-4672-A51D-282886070936}.Release|Any CPU.ActiveCfg = Release|Any CPU
		{4F25F310-3BF4-4672-A51D-282886070936}.Release|Any CPU.Build.0 = Release|Any CPU
		{819714AA-0DD1-49C8-BA02-F1DD87140F6E}.Debug|Any CPU.ActiveCfg = Debug|Any CPU
		{819714AA-0DD1-49C8-BA02-F1DD87140F6E}.Debug|Any CPU.Build.0 = Debug|Any CPU
		{819714AA-0DD1-49C8-BA02-F1DD87140F6E}.Release|Any CPU.ActiveCfg = Release|Any CPU
		{819714AA-0DD1-49C8-BA02-F1DD87140F6E}.Release|Any CPU.Build.0 = Release|Any CPU
		{2884290B-A983-4070-A661-10A215E6D9E6}.Debug|Any CPU.ActiveCfg = Debug|Any CPU
		{2884290B-A983-4070-A661-10A215E6D9E6}.Debug|Any CPU.Build.0 = Debug|Any CPU
		{2884290B-A983-4070-A661-10A215E6D9E6}.Release|Any CPU.ActiveCfg = Release|Any CPU
		{2884290B-A983-4070-A661-10A215E6D9E6}.Release|Any CPU.Build.0 = Release|Any CPU
		{401C67D0-0B0F-4405-A21C-6326EB1343CE}.Debug|Any CPU.ActiveCfg = Debug|Any CPU
		{401C67D0-0B0F-4405-A21C-6326EB1343CE}.Debug|Any CPU.Build.0 = Debug|Any CPU
		{401C67D0-0B0F-4405-A21C-6326EB1343CE}.Release|Any CPU.ActiveCfg = Release|Any CPU
		{401C67D0-0B0F-4405-A21C-6326EB1343CE}.Release|Any CPU.Build.0 = Release|Any CPU
		{F1BC3355-5A87-4DD5-8E3F-4F70A40B76D0}.Debug|Any CPU.ActiveCfg = Debug|Any CPU
		{F1BC3355-5A87-4DD5-8E3F-4F70A40B76D0}.Debug|Any CPU.Build.0 = Debug|Any CPU
		{F1BC3355-5A87-4DD5-8E3F-4F70A40B76D0}.Release|Any CPU.ActiveCfg = Release|Any CPU
		{F1BC3355-5A87-4DD5-8E3F-4F70A40B76D0}.Release|Any CPU.Build.0 = Release|Any CPU
		{14588E60-DA35-4335-BEEB-2915DB0DA52B}.Debug|Any CPU.ActiveCfg = Debug|Any CPU
		{14588E60-DA35-4335-BEEB-2915DB0DA52B}.Debug|Any CPU.Build.0 = Debug|Any CPU
		{14588E60-DA35-4335-BEEB-2915DB0DA52B}.Release|Any CPU.ActiveCfg = Release|Any CPU
		{14588E60-DA35-4335-BEEB-2915DB0DA52B}.Release|Any CPU.Build.0 = Release|Any CPU
		{214FF223-14EC-4C76-B8D1-913591B9CE0B}.Debug|Any CPU.ActiveCfg = Debug|Any CPU
		{214FF223-14EC-4C76-B8D1-913591B9CE0B}.Debug|Any CPU.Build.0 = Debug|Any CPU
		{214FF223-14EC-4C76-B8D1-913591B9CE0B}.Release|Any CPU.ActiveCfg = Release|Any CPU
		{214FF223-14EC-4C76-B8D1-913591B9CE0B}.Release|Any CPU.Build.0 = Release|Any CPU
		{247BE292-0473-4C74-9B6A-B9C4D320FD29}.Debug|Any CPU.ActiveCfg = Debug|Any CPU
		{247BE292-0473-4C74-9B6A-B9C4D320FD29}.Debug|Any CPU.Build.0 = Debug|Any CPU
		{247BE292-0473-4C74-9B6A-B9C4D320FD29}.Release|Any CPU.ActiveCfg = Release|Any CPU
		{247BE292-0473-4C74-9B6A-B9C4D320FD29}.Release|Any CPU.Build.0 = Release|Any CPU
		{0BC59ED9-6752-4602-AD9F-7C52C4BB2D34}.Debug|Any CPU.ActiveCfg = Debug|Any CPU
		{0BC59ED9-6752-4602-AD9F-7C52C4BB2D34}.Debug|Any CPU.Build.0 = Debug|Any CPU
		{0BC59ED9-6752-4602-AD9F-7C52C4BB2D34}.Release|Any CPU.ActiveCfg = Release|Any CPU
		{0BC59ED9-6752-4602-AD9F-7C52C4BB2D34}.Release|Any CPU.Build.0 = Release|Any CPU
		{BDDC8793-068B-49A9-B7CB-97DC70E14131}.Debug|Any CPU.ActiveCfg = Debug|Any CPU
		{BDDC8793-068B-49A9-B7CB-97DC70E14131}.Debug|Any CPU.Build.0 = Debug|Any CPU
		{BDDC8793-068B-49A9-B7CB-97DC70E14131}.Release|Any CPU.ActiveCfg = Release|Any CPU
		{BDDC8793-068B-49A9-B7CB-97DC70E14131}.Release|Any CPU.Build.0 = Release|Any CPU
		{5FB4FF9B-5D9A-45B8-B2E9-61935EC1BC49}.Debug|Any CPU.ActiveCfg = Debug|Any CPU
		{5FB4FF9B-5D9A-45B8-B2E9-61935EC1BC49}.Debug|Any CPU.Build.0 = Debug|Any CPU
		{5FB4FF9B-5D9A-45B8-B2E9-61935EC1BC49}.Release|Any CPU.ActiveCfg = Release|Any CPU
		{5FB4FF9B-5D9A-45B8-B2E9-61935EC1BC49}.Release|Any CPU.Build.0 = Release|Any CPU
		{D0237097-2354-45C4-BA3C-CB0063189BDD}.Debug|Any CPU.ActiveCfg = Debug|Any CPU
		{D0237097-2354-45C4-BA3C-CB0063189BDD}.Debug|Any CPU.Build.0 = Debug|Any CPU
		{D0237097-2354-45C4-BA3C-CB0063189BDD}.Release|Any CPU.ActiveCfg = Release|Any CPU
		{D0237097-2354-45C4-BA3C-CB0063189BDD}.Release|Any CPU.Build.0 = Release|Any CPU
		{B00BDBB8-850A-463F-9C87-512FDC10903B}.Debug|Any CPU.ActiveCfg = Debug|Any CPU
		{B00BDBB8-850A-463F-9C87-512FDC10903B}.Debug|Any CPU.Build.0 = Debug|Any CPU
		{B00BDBB8-850A-463F-9C87-512FDC10903B}.Release|Any CPU.ActiveCfg = Release|Any CPU
		{B00BDBB8-850A-463F-9C87-512FDC10903B}.Release|Any CPU.Build.0 = Release|Any CPU
		{BB53F80F-0F26-459C-A794-3E83AB5B25BC}.Debug|Any CPU.ActiveCfg = Debug|Any CPU
		{BB53F80F-0F26-459C-A794-3E83AB5B25BC}.Debug|Any CPU.Build.0 = Debug|Any CPU
		{BB53F80F-0F26-459C-A794-3E83AB5B25BC}.Release|Any CPU.ActiveCfg = Release|Any CPU
		{BB53F80F-0F26-459C-A794-3E83AB5B25BC}.Release|Any CPU.Build.0 = Release|Any CPU
		{84C3571C-A468-488F-841C-2734DB0AC3E0}.Debug|Any CPU.ActiveCfg = Debug|Any CPU
		{84C3571C-A468-488F-841C-2734DB0AC3E0}.Debug|Any CPU.Build.0 = Debug|Any CPU
		{84C3571C-A468-488F-841C-2734DB0AC3E0}.Release|Any CPU.ActiveCfg = Release|Any CPU
		{84C3571C-A468-488F-841C-2734DB0AC3E0}.Release|Any CPU.Build.0 = Release|Any CPU
		{D86D77E5-4C8E-40F6-8901-AF32B1804295}.Debug|Any CPU.ActiveCfg = Debug|Any CPU
		{D86D77E5-4C8E-40F6-8901-AF32B1804295}.Debug|Any CPU.Build.0 = Debug|Any CPU
		{D86D77E5-4C8E-40F6-8901-AF32B1804295}.Release|Any CPU.ActiveCfg = Release|Any CPU
		{D86D77E5-4C8E-40F6-8901-AF32B1804295}.Release|Any CPU.Build.0 = Release|Any CPU
		{5B71E335-D544-4380-9D17-42635A22ABC9}.Debug|Any CPU.ActiveCfg = Debug|Any CPU
		{5B71E335-D544-4380-9D17-42635A22ABC9}.Debug|Any CPU.Build.0 = Debug|Any CPU
		{5B71E335-D544-4380-9D17-42635A22ABC9}.Release|Any CPU.ActiveCfg = Release|Any CPU
		{5B71E335-D544-4380-9D17-42635A22ABC9}.Release|Any CPU.Build.0 = Release|Any CPU
		{E5B48983-696D-40B1-A08C-6DA383F20CB2}.Debug|Any CPU.ActiveCfg = Debug|Any CPU
		{E5B48983-696D-40B1-A08C-6DA383F20CB2}.Debug|Any CPU.Build.0 = Debug|Any CPU
		{E5B48983-696D-40B1-A08C-6DA383F20CB2}.Release|Any CPU.ActiveCfg = Release|Any CPU
		{E5B48983-696D-40B1-A08C-6DA383F20CB2}.Release|Any CPU.Build.0 = Release|Any CPU
		{F7EE8DAF-72A9-45FE-94CE-8223186996AA}.Debug|Any CPU.ActiveCfg = Debug|Any CPU
		{F7EE8DAF-72A9-45FE-94CE-8223186996AA}.Debug|Any CPU.Build.0 = Debug|Any CPU
		{F7EE8DAF-72A9-45FE-94CE-8223186996AA}.Release|Any CPU.ActiveCfg = Release|Any CPU
		{F7EE8DAF-72A9-45FE-94CE-8223186996AA}.Release|Any CPU.Build.0 = Release|Any CPU
		{7F577C74-65E0-435C-9A20-4CB119717094}.Debug|Any CPU.ActiveCfg = Debug|Any CPU
		{7F577C74-65E0-435C-9A20-4CB119717094}.Debug|Any CPU.Build.0 = Debug|Any CPU
		{7F577C74-65E0-435C-9A20-4CB119717094}.Release|Any CPU.ActiveCfg = Release|Any CPU
		{7F577C74-65E0-435C-9A20-4CB119717094}.Release|Any CPU.Build.0 = Release|Any CPU
		{7FAAF737-4EC1-4CCD-B1A6-354FB54908BC}.Debug|Any CPU.ActiveCfg = Debug|Any CPU
		{7FAAF737-4EC1-4CCD-B1A6-354FB54908BC}.Debug|Any CPU.Build.0 = Debug|Any CPU
		{7FAAF737-4EC1-4CCD-B1A6-354FB54908BC}.Release|Any CPU.ActiveCfg = Release|Any CPU
		{7FAAF737-4EC1-4CCD-B1A6-354FB54908BC}.Release|Any CPU.Build.0 = Release|Any CPU
		{806FACF3-8D41-4AFA-9AA1-DFC2B3C17A73}.Debug|Any CPU.ActiveCfg = Debug|Any CPU
		{806FACF3-8D41-4AFA-9AA1-DFC2B3C17A73}.Debug|Any CPU.Build.0 = Debug|Any CPU
		{806FACF3-8D41-4AFA-9AA1-DFC2B3C17A73}.Release|Any CPU.ActiveCfg = Release|Any CPU
		{806FACF3-8D41-4AFA-9AA1-DFC2B3C17A73}.Release|Any CPU.Build.0 = Release|Any CPU
	EndGlobalSection
	GlobalSection(SolutionProperties) = preSolution
		HideSolutionNode = FALSE
	EndGlobalSection
	GlobalSection(NestedProjects) = preSolution
		{0418158F-8BF8-426C-93B7-E5B4B09D6666} = {9FD168F2-7E29-4DF2-A4B3-6E09D818A42C}
		{7B2289B3-0354-4560-9D08-EC9EE0A80B60} = {18869C67-78C3-4D78-B15A-B31779A58FDF}
		{6996AC81-6ECF-453B-A99E-02BD45C27465} = {18869C67-78C3-4D78-B15A-B31779A58FDF}
		{5F323668-B26E-427A-824E-D3F854D56E6C} = {F59BDB76-3ECF-47D0-99BA-BAF1319CD86D}
		{80F13E4E-FCD0-4993-A3B6-4F33AA059D2A} = {18869C67-78C3-4D78-B15A-B31779A58FDF}
		{A2CE8CF1-0B91-4227-A59B-B6DA5D2EBBE1} = {18869C67-78C3-4D78-B15A-B31779A58FDF}
		{9C7FEB5D-3D56-4083-9CDA-4EDE530537D5} = {18869C67-78C3-4D78-B15A-B31779A58FDF}
		{E83FA00D-067A-409E-AAEE-89338F6E0DF0} = {F59BDB76-3ECF-47D0-99BA-BAF1319CD86D}
		{72A6F307-933D-40BF-92CB-CD09257D3CC0} = {F59BDB76-3ECF-47D0-99BA-BAF1319CD86D}
		{3C1D5856-48EF-4E57-8626-D97C67A1C0D6} = {5737BB97-5228-4F69-BE3B-DE8C458182AA}
		{BCF31128-75B2-4D83-B4FE-0D0B1754169D} = {C68ED3AC-636C-4B36-9EB6-5C46AAFF835A}
		{4F25F310-3BF4-4672-A51D-282886070936} = {787915A3-C130-42A7-B821-036514EA4C92}
		{819714AA-0DD1-49C8-BA02-F1DD87140F6E} = {1A046B98-BF1B-47FB-88E7-1567DD1A2EA3}
		{2884290B-A983-4070-A661-10A215E6D9E6} = {6A10BF1F-3A90-49EA-9032-61300445EFB2}
		{401C67D0-0B0F-4405-A21C-6326EB1343CE} = {356F8533-BF02-4795-B9DC-601BE16D5858}
		{F1BC3355-5A87-4DD5-8E3F-4F70A40B76D0} = {5737BB97-5228-4F69-BE3B-DE8C458182AA}
		{14588E60-DA35-4335-BEEB-2915DB0DA52B} = {5737BB97-5228-4F69-BE3B-DE8C458182AA}
		{214FF223-14EC-4C76-B8D1-913591B9CE0B} = {C68ED3AC-636C-4B36-9EB6-5C46AAFF835A}
		{247BE292-0473-4C74-9B6A-B9C4D320FD29} = {C68ED3AC-636C-4B36-9EB6-5C46AAFF835A}
		{0BC59ED9-6752-4602-AD9F-7C52C4BB2D34} = {C68ED3AC-636C-4B36-9EB6-5C46AAFF835A}
		{BDDC8793-068B-49A9-B7CB-97DC70E14131} = {C68ED3AC-636C-4B36-9EB6-5C46AAFF835A}
		{5FB4FF9B-5D9A-45B8-B2E9-61935EC1BC49} = {787915A3-C130-42A7-B821-036514EA4C92}
		{D0237097-2354-45C4-BA3C-CB0063189BDD} = {787915A3-C130-42A7-B821-036514EA4C92}
		{B00BDBB8-850A-463F-9C87-512FDC10903B} = {1A046B98-BF1B-47FB-88E7-1567DD1A2EA3}
		{BB53F80F-0F26-459C-A794-3E83AB5B25BC} = {1A046B98-BF1B-47FB-88E7-1567DD1A2EA3}
		{84C3571C-A468-488F-841C-2734DB0AC3E0} = {6A10BF1F-3A90-49EA-9032-61300445EFB2}
		{D86D77E5-4C8E-40F6-8901-AF32B1804295} = {0BB5C9C2-8FAB-4D7C-B4DA-24624D490C06}
		{5B71E335-D544-4380-9D17-42635A22ABC9} = {0BB5C9C2-8FAB-4D7C-B4DA-24624D490C06}
		{E5B48983-696D-40B1-A08C-6DA383F20CB2} = {0BB5C9C2-8FAB-4D7C-B4DA-24624D490C06}
		{F7EE8DAF-72A9-45FE-94CE-8223186996AA} = {356F8533-BF02-4795-B9DC-601BE16D5858}
		{7F577C74-65E0-435C-9A20-4CB119717094} = {89309BC6-56AA-4D46-A6E8-C5F0CB1CBC9A}
		{7FAAF737-4EC1-4CCD-B1A6-354FB54908BC} = {5F9D00C9-FBD3-4217-A43C-5D3D4CA85425}
		{806FACF3-8D41-4AFA-9AA1-DFC2B3C17A73} = {2A3AE74E-9AB7-4C59-A184-C8CA21D62AFF}
	EndGlobalSection
	GlobalSection(ExtensibilityGlobals) = postSolution
		SolutionGuid = {C9C18C5C-519E-4067-A174-F0621CA55259}
	EndGlobalSection
EndGlobal
